// !$*UTF8*$!
{
   archiveVersion = "1";
   objectVersion = "46";
   objects = {
      OBJ_1 = {
         isa = "PBXProject";
         attributes = {
            LastUpgradeCheck = "9999";
         };
         buildConfigurationList = OBJ_2;
         compatibilityVersion = "Xcode 3.2";
         developmentRegion = "English";
         hasScannedForEncodings = "0";
         knownRegions = (
            "en",
         );
         mainGroup = OBJ_5;
         productRefGroup = OBJ_16;
         projectDirPath = ".";
         targets = (
            OBJ_19,
            OBJ_28,
         );
      };
      OBJ_10 = {
         isa = "PBXFileReference";
         path = "Argument.swift";
         sourceTree = "<group>";
      };
      OBJ_11 = {
         isa = "PBXFileReference";
         path = "Token.swift";
         sourceTree = "<group>";
      };
      OBJ_12 = {
         isa = "PBXGroup";
         children = (
            OBJ_13,
         );
         path = "Tests";
         sourceTree = "<group>";
      };
      OBJ_13 = {
         isa = "PBXGroup";
         children = (
            OBJ_14,
            OBJ_15,
         );
         name = "ArgueTests";
         path = "Tests/ArgueTests";
         sourceTree = "SOURCE_ROOT";
      };
      OBJ_14 = {
         isa = "PBXFileReference";
         path = "ArgueTests.swift";
         sourceTree = "<group>";
      };
      OBJ_15 = {
         isa = "PBXFileReference";
         path = "ArgumentTests.swift";
         sourceTree = "<group>";
      };
      OBJ_16 = {
         isa = "PBXGroup";
         children = (
            OBJ_17,
            OBJ_18,
         );
         name = "Products";
         path = "";
         sourceTree = "BUILT_PRODUCTS_DIR";
      };
      OBJ_17 = {
         isa = "PBXFileReference";
         path = "Argue.framework";
         sourceTree = "BUILT_PRODUCTS_DIR";
      };
      OBJ_18 = {
         isa = "PBXFileReference";
         path = "ArgueTests.xctest";
         sourceTree = "BUILT_PRODUCTS_DIR";
      };
      OBJ_19 = {
         isa = "PBXNativeTarget";
         buildConfigurationList = OBJ_20;
         buildPhases = (
            OBJ_23,
            OBJ_27,
         );
         dependencies = (
         );
         name = "Argue";
         productName = "Argue";
         productReference = OBJ_17;
         productType = "com.apple.product-type.framework";
      };
      OBJ_2 = {
         isa = "XCConfigurationList";
         buildConfigurations = (
            OBJ_3,
            OBJ_4,
         );
         defaultConfigurationIsVisible = "0";
         defaultConfigurationName = "Debug";
      };
      OBJ_20 = {
         isa = "XCConfigurationList";
         buildConfigurations = (
            OBJ_21,
            OBJ_22,
         );
         defaultConfigurationIsVisible = "0";
         defaultConfigurationName = "Debug";
      };
      OBJ_21 = {
         isa = "XCBuildConfiguration";
         buildSettings = {
            ENABLE_TESTABILITY = "YES";
            FRAMEWORK_SEARCH_PATHS = (
               "$(PLATFORM_DIR)/Developer/Library/Frameworks",
            );
            HEADER_SEARCH_PATHS = (
            );
            INFOPLIST_FILE = "Argue.xcodeproj/Argue_Info.plist";
            LD_RUNPATH_SEARCH_PATHS = (
               "$(TOOLCHAIN_DIR)/usr/lib/swift/macosx",
            );
            OTHER_LDFLAGS = (
               "$(inherited)",
            );
            OTHER_SWIFT_FLAGS = (
               "$(inherited)",
            );
            PRODUCT_BUNDLE_IDENTIFIER = "Argue";
            PRODUCT_MODULE_NAME = "$(TARGET_NAME:c99extidentifier)";
            PRODUCT_NAME = "$(TARGET_NAME:c99extidentifier)";
            SUPPORTED_PLATFORMS = (
               "macosx",
            );
            SWIFT_ACTIVE_COMPILATION_CONDITIONS = "SWIFT_PACKAGE";
            SWIFT_VERSION = "3.0";
            TARGET_NAME = "Argue";
         };
         name = "Debug";
      };
      OBJ_22 = {
         isa = "XCBuildConfiguration";
         buildSettings = {
            ENABLE_TESTABILITY = "YES";
            FRAMEWORK_SEARCH_PATHS = (
               "$(PLATFORM_DIR)/Developer/Library/Frameworks",
            );
            HEADER_SEARCH_PATHS = (
            );
            INFOPLIST_FILE = "Argue.xcodeproj/Argue_Info.plist";
            LD_RUNPATH_SEARCH_PATHS = (
               "$(TOOLCHAIN_DIR)/usr/lib/swift/macosx",
            );
            OTHER_LDFLAGS = (
               "$(inherited)",
            );
            OTHER_SWIFT_FLAGS = (
               "$(inherited)",
            );
            PRODUCT_BUNDLE_IDENTIFIER = "Argue";
            PRODUCT_MODULE_NAME = "$(TARGET_NAME:c99extidentifier)";
            PRODUCT_NAME = "$(TARGET_NAME:c99extidentifier)";
            SUPPORTED_PLATFORMS = (
               "macosx",
            );
            SWIFT_ACTIVE_COMPILATION_CONDITIONS = "SWIFT_PACKAGE";
            SWIFT_VERSION = "3.0";
            TARGET_NAME = "Argue";
         };
         name = "Release";
      };
      OBJ_23 = {
         isa = "PBXSourcesBuildPhase";
         files = (
            OBJ_24,
            OBJ_25,
            OBJ_26,
         );
      };
      OBJ_24 = {
         isa = "PBXBuildFile";
         fileRef = OBJ_9;
      };
      OBJ_25 = {
         isa = "PBXBuildFile";
         fileRef = OBJ_10;
      };
      OBJ_26 = {
         isa = "PBXBuildFile";
         fileRef = OBJ_11;
      };
      OBJ_27 = {
         isa = "PBXFrameworksBuildPhase";
         files = (
         );
      };
      OBJ_28 = {
         isa = "PBXNativeTarget";
         buildConfigurationList = OBJ_29;
         buildPhases = (
            OBJ_32,
            OBJ_35,
         );
         dependencies = (
            OBJ_37,
         );
         name = "ArgueTests";
         productName = "ArgueTests";
         productReference = OBJ_18;
         productType = "com.apple.product-type.bundle.unit-test";
      };
      OBJ_29 = {
         isa = "XCConfigurationList";
         buildConfigurations = (
            OBJ_30,
            OBJ_31,
         );
         defaultConfigurationIsVisible = "0";
         defaultConfigurationName = "Debug";
      };
      OBJ_3 = {
         isa = "XCBuildConfiguration";
         buildSettings = {
            COMBINE_HIDPI_IMAGES = "YES";
            COPY_PHASE_STRIP = "NO";
            DEBUG_INFORMATION_FORMAT = "dwarf";
            DYLIB_INSTALL_NAME_BASE = "@rpath";
            ENABLE_NS_ASSERTIONS = "YES";
            GCC_OPTIMIZATION_LEVEL = "0";
            MACOSX_DEPLOYMENT_TARGET = "10.10";
            ONLY_ACTIVE_ARCH = "YES";
            OTHER_SWIFT_FLAGS = (
               "-DXcode",
            );
            PRODUCT_NAME = "$(TARGET_NAME)";
            SUPPORTED_PLATFORMS = (
               "macosx",
               "iphoneos",
               "iphonesimulator",
               "appletvos",
               "appletvsimulator",
               "watchos",
               "watchsimulator",
            );
            SWIFT_OPTIMIZATION_LEVEL = "-Onone";
            USE_HEADERMAP = "NO";
         };
         name = "Debug";
      };
      OBJ_30 = {
         isa = "XCBuildConfiguration";
         buildSettings = {
            EMBEDDED_CONTENT_CONTAINS_SWIFT = "YES";
            FRAMEWORK_SEARCH_PATHS = (
               "$(PLATFORM_DIR)/Developer/Library/Frameworks",
            );
            HEADER_SEARCH_PATHS = (
            );
            INFOPLIST_FILE = "Argue.xcodeproj/ArgueTests_Info.plist";
            LD_RUNPATH_SEARCH_PATHS = (
               "@loader_path/../Frameworks",
            );
            OTHER_LDFLAGS = (
               "$(inherited)",
            );
            OTHER_SWIFT_FLAGS = (
               "$(inherited)",
            );
            SUPPORTED_PLATFORMS = (
               "macosx",
            );
            SWIFT_ACTIVE_COMPILATION_CONDITIONS = "SWIFT_PACKAGE";
            SWIFT_VERSION = "3.0";
            TARGET_NAME = "ArgueTests";
         };
         name = "Debug";
      };
      OBJ_31 = {
         isa = "XCBuildConfiguration";
         buildSettings = {
            EMBEDDED_CONTENT_CONTAINS_SWIFT = "YES";
            FRAMEWORK_SEARCH_PATHS = (
               "$(PLATFORM_DIR)/Developer/Library/Frameworks",
            );
            HEADER_SEARCH_PATHS = (
            );
            INFOPLIST_FILE = "Argue.xcodeproj/ArgueTests_Info.plist";
            LD_RUNPATH_SEARCH_PATHS = (
               "@loader_path/../Frameworks",
            );
            OTHER_LDFLAGS = (
               "$(inherited)",
            );
            OTHER_SWIFT_FLAGS = (
               "$(inherited)",
            );
            SUPPORTED_PLATFORMS = (
               "macosx",
            );
            SWIFT_ACTIVE_COMPILATION_CONDITIONS = "SWIFT_PACKAGE";
            SWIFT_VERSION = "3.0";
            TARGET_NAME = "ArgueTests";
         };
         name = "Release";
      };
      OBJ_32 = {
         isa = "PBXSourcesBuildPhase";
         files = (
            OBJ_33,
            OBJ_34,
         );
      };
      OBJ_33 = {
         isa = "PBXBuildFile";
         fileRef = OBJ_14;
      };
      OBJ_34 = {
         isa = "PBXBuildFile";
         fileRef = OBJ_15;
      };
      OBJ_35 = {
         isa = "PBXFrameworksBuildPhase";
         files = (
            OBJ_36,
         );
      };
      OBJ_36 = {
         isa = "PBXBuildFile";
         fileRef = OBJ_17;
      };
      OBJ_37 = {
         isa = "PBXTargetDependency";
         target = OBJ_19;
      };
      OBJ_4 = {
         isa = "XCBuildConfiguration";
         buildSettings = {
            COMBINE_HIDPI_IMAGES = "YES";
            COPY_PHASE_STRIP = "YES";
            DEBUG_INFORMATION_FORMAT = "dwarf-with-dsym";
            DYLIB_INSTALL_NAME_BASE = "@rpath";
            GCC_OPTIMIZATION_LEVEL = "s";
            MACOSX_DEPLOYMENT_TARGET = "10.10";
            OTHER_SWIFT_FLAGS = (
               "-DXcode",
            );
            PRODUCT_NAME = "$(TARGET_NAME)";
            SUPPORTED_PLATFORMS = (
               "macosx",
               "iphoneos",
               "iphonesimulator",
               "appletvos",
               "appletvsimulator",
               "watchos",
               "watchsimulator",
            );
            SWIFT_OPTIMIZATION_LEVEL = "-O";
            USE_HEADERMAP = "NO";
         };
         name = "Release";
      };
      OBJ_5 = {
         isa = "PBXGroup";
         children = (
            OBJ_6,
            OBJ_7,
            OBJ_12,
            OBJ_16,
         );
         path = "";
         sourceTree = "<group>";
      };
      OBJ_6 = {
         isa = "PBXFileReference";
         explicitFileType = "sourcecode.swift";
         path = "Package.swift";
         sourceTree = "<group>";
      };
      OBJ_7 = {
         isa = "PBXGroup";
         children = (
            OBJ_8,
         );
         path = "Sources";
         sourceTree = "<group>";
      };
      OBJ_8 = {
         isa = "PBXGroup";
         children = (
            OBJ_9,
            OBJ_10,
            OBJ_11,
         );
         name = "Argue";
         path = "Sources/Argue";
         sourceTree = "SOURCE_ROOT";
      };
      OBJ_9 = {
         isa = "PBXFileReference";
         path = "Argue.swift";
         sourceTree = "<group>";
      };
   };
   rootObject = OBJ_1;
}
